
Microsoft Visual Studio Solution File, Format Version 12.00
# Visual Studio Version 16
VisualStudioVersion = 16.0.31613.86
MinimumVisualStudioVersion = 10.0.40219.1
Project("{9A19103F-16F7-4668-BE54-9A1E7A4F7556}") = "DIO.Series", "DIO.Series\DIO.Series.csproj", "{900C125F-DE58-43E0-9642-5AD687D7ABD5}"
EndProject
Project("{FAE04EC0-301F-11D3-BF4B-00C04F79EFBC}") = "DIO.Series.Console", "Dio.Series.Console\DIO.Series.Console.csproj", "{9D51178E-3B9C-47CB-965B-90AFDDF995D0}"
EndProject
Project("{FAE04EC0-301F-11D3-BF4B-00C04F79EFBC}") = "DIO.Series.Web", "DIO.Series.Web\DIO.Series.Web.csproj", "{6173C4AC-36DF-4EA0-A44C-C582AF7E876B}"
EndProject
Global
	GlobalSection(SolutionConfigurationPlatforms) = preSolution
		Debug|Any CPU = Debug|Any CPU
		Release|Any CPU = Release|Any CPU
	EndGlobalSection
	GlobalSection(ProjectConfigurationPlatforms) = postSolution
		{900C125F-DE58-43E0-9642-5AD687D7ABD5}.Debug|Any CPU.ActiveCfg = Debug|Any CPU
		{900C125F-DE58-43E0-9642-5AD687D7ABD5}.Debug|Any CPU.Build.0 = Debug|Any CPU
		{900C125F-DE58-43E0-9642-5AD687D7ABD5}.Release|Any CPU.ActiveCfg = Release|Any CPU
		{900C125F-DE58-43E0-9642-5AD687D7ABD5}.Release|Any CPU.Build.0 = Release|Any CPU
		{9D51178E-3B9C-47CB-965B-90AFDDF995D0}.Debug|Any CPU.ActiveCfg = Debug|Any CPU
		{9D51178E-3B9C-47CB-965B-90AFDDF995D0}.Debug|Any CPU.Build.0 = Debug|Any CPU
		{9D51178E-3B9C-47CB-965B-90AFDDF995D0}.Release|Any CPU.ActiveCfg = Release|Any CPU
		{9D51178E-3B9C-47CB-965B-90AFDDF995D0}.Release|Any CPU.Build.0 = Release|Any CPU
		{6173C4AC-36DF-4EA0-A44C-C582AF7E876B}.Debug|Any CPU.ActiveCfg = Debug|Any CPU
		{6173C4AC-36DF-4EA0-A44C-C582AF7E876B}.Debug|Any CPU.Build.0 = Debug|Any CPU
		{6173C4AC-36DF-4EA0-A44C-C582AF7E876B}.Release|Any CPU.ActiveCfg = Release|Any CPU
		{6173C4AC-36DF-4EA0-A44C-C582AF7E876B}.Release|Any CPU.Build.0 = Release|Any CPU
	EndGlobalSection
	GlobalSection(SolutionProperties) = preSolution
		HideSolutionNode = FALSE
	EndGlobalSection
	GlobalSection(ExtensibilityGlobals) = postSolution
		SolutionGuid = {0AC8F276-2120-4C91-8D07-9F8424E39F46}
	EndGlobalSection
EndGlobal
